// !$*UTF8*$!
{
	archiveVersion = 1;
	classes = {
	};
	objectVersion = 46;
	objects = {

/* Begin PBXBuildFile section */
		FA359C5A14DC7D4400010221 /* SetupWindowController.m in Sources */ = {isa = PBXBuildFile; fileRef = FA359C5914DC7D4400010221 /* SetupWindowController.m */; };
		FA3AEC0514DC7D1F00A99A40 /* SetupWindow.xib in Resources */ = {isa = PBXBuildFile; fileRef = FA3AEC0414DC7D1F00A99A40 /* SetupWindow.xib */; };
		FA7E4767152DFE6F005E4336 /* SteamAppsController.m in Sources */ = {isa = PBXBuildFile; fileRef = FA7E4766152DFE6F005E4336 /* SteamAppsController.m */; };
		FA871C1514F00CF3009F5268 /* Growl.framework in CopyFiles */ = {isa = PBXBuildFile; fileRef = FADB5B0314F0089300739ED3 /* Growl.framework */; };
		FA871C1714F00FBD009F5268 /* Growl Registration Ticket.growlRegDict in Resources */ = {isa = PBXBuildFile; fileRef = FA871C1614F00FBD009F5268 /* Growl Registration Ticket.growlRegDict */; };
		FA89765314EBAC960008620D /* PreferencesController.m in Sources */ = {isa = PBXBuildFile; fileRef = FA89765214EBAC960008620D /* PreferencesController.m */; };
		FA89765614EBACA30008620D /* PreferencesWindow.xib in Resources */ = {isa = PBXBuildFile; fileRef = FA89765514EBACA30008620D /* PreferencesWindow.xib */; };
		FABBF7BD14DC81AD0060F879 /* MainMenu.xib in Resources */ = {isa = PBXBuildFile; fileRef = FABBF7BB14DC81AD0060F879 /* MainMenu.xib */; };
		FADB5B0414F0089300739ED3 /* Growl.framework in Frameworks */ = {isa = PBXBuildFile; fileRef = FADB5B0314F0089300739ED3 /* Growl.framework */; };
		FAEE702F14DB2CA500BF7020 /* Cocoa.framework in Frameworks */ = {isa = PBXBuildFile; fileRef = FAEE702E14DB2CA500BF7020 /* Cocoa.framework */; };
		FAEE703914DB2CA500BF7020 /* InfoPlist.strings in Resources */ = {isa = PBXBuildFile; fileRef = FAEE703714DB2CA500BF7020 /* InfoPlist.strings */; };
		FAEE703B14DB2CA500BF7020 /* main.m in Sources */ = {isa = PBXBuildFile; fileRef = FAEE703A14DB2CA500BF7020 /* main.m */; };
		FAEE703F14DB2CA500BF7020 /* Credits.rtf in Resources */ = {isa = PBXBuildFile; fileRef = FAEE703D14DB2CA500BF7020 /* Credits.rtf */; };
		FAEE704214DB2CA500BF7020 /* AppDelegate.m in Sources */ = {isa = PBXBuildFile; fileRef = FAEE704114DB2CA500BF7020 /* AppDelegate.m */; };
		FAEE704D14DB2CAD00BF7020 /* AppController.m in Sources */ = {isa = PBXBuildFile; fileRef = FAEE704C14DB2CAD00BF7020 /* AppController.m */; };
/* End PBXBuildFile section */

/* Begin PBXCopyFilesBuildPhase section */
		FA871C1314F00CE3009F5268 /* CopyFiles */ = {
			isa = PBXCopyFilesBuildPhase;
			buildActionMask = 2147483647;
			dstPath = "";
			dstSubfolderSpec = 10;
			files = (
				FA871C1514F00CF3009F5268 /* Growl.framework in CopyFiles */,
			);
			runOnlyForDeploymentPostprocessing = 0;
		};
/* End PBXCopyFilesBuildPhase section */

/* Begin PBXFileReference section */
		FA359C5814DC7D4400010221 /* SetupWindowController.h */ = {isa = PBXFileReference; fileEncoding = 4; lastKnownFileType = sourcecode.c.h; name = SetupWindowController.h; path = ../SetupWindowController.h; sourceTree = "<group>"; };
		FA359C5914DC7D4400010221 /* SetupWindowController.m */ = {isa = PBXFileReference; fileEncoding = 4; lastKnownFileType = sourcecode.c.objc; name = SetupWindowController.m; path = ../SetupWindowController.m; sourceTree = "<group>"; };
		FA3AEC0414DC7D1F00A99A40 /* SetupWindow.xib */ = {isa = PBXFileReference; fileEncoding = 4; lastKnownFileType = file.xib; name = SetupWindow.xib; path = ../SetupWindow.xib; sourceTree = "<group>"; };
		FA7E4765152DFE6F005E4336 /* SteamAppsController.h */ = {isa = PBXFileReference; fileEncoding = 4; lastKnownFileType = sourcecode.c.h; path = SteamAppsController.h; sourceTree = "<group>"; };
		FA7E4766152DFE6F005E4336 /* SteamAppsController.m */ = {isa = PBXFileReference; fileEncoding = 4; lastKnownFileType = sourcecode.c.objc; path = SteamAppsController.m; sourceTree = "<group>"; };
		FA871C1614F00FBD009F5268 /* Growl Registration Ticket.growlRegDict */ = {isa = PBXFileReference; fileEncoding = 4; lastKnownFileType = text.xml; path = "Growl Registration Ticket.growlRegDict"; sourceTree = "<group>"; };
		FA89765114EBAC960008620D /* PreferencesController.h */ = {isa = PBXFileReference; fileEncoding = 4; lastKnownFileType = sourcecode.c.h; path = PreferencesController.h; sourceTree = "<group>"; };
		FA89765214EBAC960008620D /* PreferencesController.m */ = {isa = PBXFileReference; fileEncoding = 4; lastKnownFileType = sourcecode.c.objc; path = PreferencesController.m; sourceTree = "<group>"; };
		FA89765514EBACA30008620D /* PreferencesWindow.xib */ = {isa = PBXFileReference; fileEncoding = 4; lastKnownFileType = file.xib; path = PreferencesWindow.xib; sourceTree = "<group>"; };
		FABBF7BC14DC81AD0060F879 /* en */ = {isa = PBXFileReference; lastKnownFileType = file.xib; name = en; path = en.lproj/MainMenu.xib; sourceTree = "<group>"; };
		FADB5B0314F0089300739ED3 /* Growl.framework */ = {isa = PBXFileReference; lastKnownFileType = wrapper.framework; path = Growl.framework; sourceTree = "<group>"; };
		FAEE702A14DB2CA500BF7020 /* SymSteam.app */ = {isa = PBXFileReference; explicitFileType = wrapper.application; includeInIndex = 0; path = SymSteam.app; sourceTree = BUILT_PRODUCTS_DIR; };
		FAEE702E14DB2CA500BF7020 /* Cocoa.framework */ = {isa = PBXFileReference; lastKnownFileType = wrapper.framework; name = Cocoa.framework; path = System/Library/Frameworks/Cocoa.framework; sourceTree = SDKROOT; };
		FAEE703114DB2CA500BF7020 /* AppKit.framework */ = {isa = PBXFileReference; lastKnownFileType = wrapper.framework; name = AppKit.framework; path = System/Library/Frameworks/AppKit.framework; sourceTree = SDKROOT; };
		FAEE703214DB2CA500BF7020 /* CoreData.framework */ = {isa = PBXFileReference; lastKnownFileType = wrapper.framework; name = CoreData.framework; path = System/Library/Frameworks/CoreData.framework; sourceTree = SDKROOT; };
		FAEE703314DB2CA500BF7020 /* Foundation.framework */ = {isa = PBXFileReference; lastKnownFileType = wrapper.framework; name = Foundation.framework; path = System/Library/Frameworks/Foundation.framework; sourceTree = SDKROOT; };
		FAEE703614DB2CA500BF7020 /* SymSteam-Info.plist */ = {isa = PBXFileReference; lastKnownFileType = text.plist.xml; path = "SymSteam-Info.plist"; sourceTree = "<group>"; };
		FAEE703814DB2CA500BF7020 /* en */ = {isa = PBXFileReference; lastKnownFileType = text.plist.strings; name = en; path = en.lproj/InfoPlist.strings; sourceTree = "<group>"; };
		FAEE703A14DB2CA500BF7020 /* main.m */ = {isa = PBXFileReference; lastKnownFileType = sourcecode.c.objc; path = main.m; sourceTree = "<group>"; };
		FAEE703C14DB2CA500BF7020 /* SymSteam-Prefix.pch */ = {isa = PBXFileReference; lastKnownFileType = sourcecode.c.h; path = "SymSteam-Prefix.pch"; sourceTree = "<group>"; };
		FAEE703E14DB2CA500BF7020 /* en */ = {isa = PBXFileReference; lastKnownFileType = text.rtf; name = en; path = en.lproj/Credits.rtf; sourceTree = "<group>"; };
		FAEE704014DB2CA500BF7020 /* AppDelegate.h */ = {isa = PBXFileReference; lastKnownFileType = sourcecode.c.h; path = AppDelegate.h; sourceTree = "<group>"; };
		FAEE704114DB2CA500BF7020 /* AppDelegate.m */ = {isa = PBXFileReference; lastKnownFileType = sourcecode.c.objc; path = AppDelegate.m; sourceTree = "<group>"; };
		FAEE704B14DB2CAD00BF7020 /* AppController.h */ = {isa = PBXFileReference; fileEncoding = 4; lastKnownFileType = sourcecode.c.h; name = AppController.h; path = ../AppController.h; sourceTree = "<group>"; };
		FAEE704C14DB2CAD00BF7020 /* AppController.m */ = {isa = PBXFileReference; fileEncoding = 4; lastKnownFileType = sourcecode.c.objc; name = AppController.m; path = ../AppController.m; sourceTree = "<group>"; };
/* End PBXFileReference section */

/* Begin PBXFrameworksBuildPhase section */
		FAEE702714DB2CA500BF7020 /* Frameworks */ = {
			isa = PBXFrameworksBuildPhase;
			buildActionMask = 2147483647;
			files = (
				FAEE702F14DB2CA500BF7020 /* Cocoa.framework in Frameworks */,
				FADB5B0414F0089300739ED3 /* Growl.framework in Frameworks */,
			);
			runOnlyForDeploymentPostprocessing = 0;
		};
/* End PBXFrameworksBuildPhase section */

/* Begin PBXGroup section */
		FAEE701F14DB2CA500BF7020 = {
			isa = PBXGroup;
			children = (
				FAEE703414DB2CA500BF7020 /* SymSteam */,
				FAEE702D14DB2CA500BF7020 /* Frameworks */,
				FAEE702B14DB2CA500BF7020 /* Products */,
			);
			sourceTree = "<group>";
		};
		FAEE702B14DB2CA500BF7020 /* Products */ = {
			isa = PBXGroup;
			children = (
				FAEE702A14DB2CA500BF7020 /* SymSteam.app */,
			);
			name = Products;
			sourceTree = "<group>";
		};
		FAEE702D14DB2CA500BF7020 /* Frameworks */ = {
			isa = PBXGroup;
			children = (
				FADB5B0314F0089300739ED3 /* Growl.framework */,
				FAEE702E14DB2CA500BF7020 /* Cocoa.framework */,
				FAEE703014DB2CA500BF7020 /* Other Frameworks */,
			);
			name = Frameworks;
			sourceTree = "<group>";
		};
		FAEE703014DB2CA500BF7020 /* Other Frameworks */ = {
			isa = PBXGroup;
			children = (
				FAEE703114DB2CA500BF7020 /* AppKit.framework */,
				FAEE703214DB2CA500BF7020 /* CoreData.framework */,
				FAEE703314DB2CA500BF7020 /* Foundation.framework */,
			);
			name = "Other Frameworks";
			sourceTree = "<group>";
		};
		FAEE703414DB2CA500BF7020 /* SymSteam */ = {
			isa = PBXGroup;
			children = (
				FA3AEC0414DC7D1F00A99A40 /* SetupWindow.xib */,
				FA359C5814DC7D4400010221 /* SetupWindowController.h */,
				FA359C5914DC7D4400010221 /* SetupWindowController.m */,
				FA89765514EBACA30008620D /* PreferencesWindow.xib */,
				FA89765114EBAC960008620D /* PreferencesController.h */,
				FA89765214EBAC960008620D /* PreferencesController.m */,
				FABBF7BB14DC81AD0060F879 /* MainMenu.xib */,
				FA7E4765152DFE6F005E4336 /* SteamAppsController.h */,
				FA7E4766152DFE6F005E4336 /* SteamAppsController.m */,
				FAEE704B14DB2CAD00BF7020 /* AppController.h */,
				FAEE704C14DB2CAD00BF7020 /* AppController.m */,
				FAEE704014DB2CA500BF7020 /* AppDelegate.h */,
				FAEE704114DB2CA500BF7020 /* AppDelegate.m */,
				FAEE703514DB2CA500BF7020 /* Supporting Files */,
			);
			path = SymSteam;
			sourceTree = "<group>";
		};
		FAEE703514DB2CA500BF7020 /* Supporting Files */ = {
			isa = PBXGroup;
			children = (
				FA871C1614F00FBD009F5268 /* Growl Registration Ticket.growlRegDict */,
				FAEE703614DB2CA500BF7020 /* SymSteam-Info.plist */,
				FAEE703714DB2CA500BF7020 /* InfoPlist.strings */,
				FAEE703A14DB2CA500BF7020 /* main.m */,
				FAEE703C14DB2CA500BF7020 /* SymSteam-Prefix.pch */,
				FAEE703D14DB2CA500BF7020 /* Credits.rtf */,
			);
			name = "Supporting Files";
			sourceTree = "<group>";
		};
/* End PBXGroup section */

/* Begin PBXNativeTarget section */
		FAEE702914DB2CA500BF7020 /* SymSteam */ = {
			isa = PBXNativeTarget;
			buildConfigurationList = FAEE704814DB2CA600BF7020 /* Build configuration list for PBXNativeTarget "SymSteam" */;
			buildPhases = (
				FAEE702614DB2CA500BF7020 /* Sources */,
				FAEE702714DB2CA500BF7020 /* Frameworks */,
				FAEE702814DB2CA500BF7020 /* Resources */,
				FA871C1314F00CE3009F5268 /* CopyFiles */,
			);
			buildRules = (
			);
			dependencies = (
			);
			name = SymSteam;
			productName = SymSteam;
			productReference = FAEE702A14DB2CA500BF7020 /* SymSteam.app */;
			productType = "com.apple.product-type.application";
		};
/* End PBXNativeTarget section */

/* Begin PBXProject section */
		FAEE702114DB2CA500BF7020 /* Project object */ = {
			isa = PBXProject;
			attributes = {
				LastUpgradeCheck = 0430;
			};
			buildConfigurationList = FAEE702414DB2CA500BF7020 /* Build configuration list for PBXProject "SymSteam" */;
			compatibilityVersion = "Xcode 3.2";
			developmentRegion = English;
			hasScannedForEncodings = 0;
			knownRegions = (
				en,
			);
			mainGroup = FAEE701F14DB2CA500BF7020;
			productRefGroup = FAEE702B14DB2CA500BF7020 /* Products */;
			projectDirPath = "";
			projectRoot = "";
			targets = (
				FAEE702914DB2CA500BF7020 /* SymSteam */,
			);
		};
/* End PBXProject section */

/* Begin PBXResourcesBuildPhase section */
		FAEE702814DB2CA500BF7020 /* Resources */ = {
			isa = PBXResourcesBuildPhase;
			buildActionMask = 2147483647;
			files = (
				FAEE703914DB2CA500BF7020 /* InfoPlist.strings in Resources */,
				FAEE703F14DB2CA500BF7020 /* Credits.rtf in Resources */,
				FA3AEC0514DC7D1F00A99A40 /* SetupWindow.xib in Resources */,
				FABBF7BD14DC81AD0060F879 /* MainMenu.xib in Resources */,
				FA89765614EBACA30008620D /* PreferencesWindow.xib in Resources */,
				FA871C1714F00FBD009F5268 /* Growl Registration Ticket.growlRegDict in Resources */,
			);
			runOnlyForDeploymentPostprocessing = 0;
		};
/* End PBXResourcesBuildPhase section */

/* Begin PBXSourcesBuildPhase section */
		FAEE702614DB2CA500BF7020 /* Sources */ = {
			isa = PBXSourcesBuildPhase;
			buildActionMask = 2147483647;
			files = (
				FAEE703B14DB2CA500BF7020 /* main.m in Sources */,
				FAEE704214DB2CA500BF7020 /* AppDelegate.m in Sources */,
				FAEE704D14DB2CAD00BF7020 /* AppController.m in Sources */,
				FA359C5A14DC7D4400010221 /* SetupWindowController.m in Sources */,
				FA89765314EBAC960008620D /* PreferencesController.m in Sources */,
				FA7E4767152DFE6F005E4336 /* SteamAppsController.m in Sources */,
			);
			runOnlyForDeploymentPostprocessing = 0;
		};
/* End PBXSourcesBuildPhase section */

/* Begin PBXVariantGroup section */
		FABBF7BB14DC81AD0060F879 /* MainMenu.xib */ = {
			isa = PBXVariantGroup;
			children = (
				FABBF7BC14DC81AD0060F879 /* en */,
			);
			name = MainMenu.xib;
			sourceTree = "<group>";
		};
		FAEE703714DB2CA500BF7020 /* InfoPlist.strings */ = {
			isa = PBXVariantGroup;
			children = (
				FAEE703814DB2CA500BF7020 /* en */,
			);
			name = InfoPlist.strings;
			sourceTree = "<group>";
		};
		FAEE703D14DB2CA500BF7020 /* Credits.rtf */ = {
			isa = PBXVariantGroup;
			children = (
				FAEE703E14DB2CA500BF7020 /* en */,
			);
			name = Credits.rtf;
			sourceTree = "<group>";
		};
/* End PBXVariantGroup section */

/* Begin XCBuildConfiguration section */
		FAEE704614DB2CA600BF7020 /* Debug */ = {
			isa = XCBuildConfiguration;
			buildSettings = {
				ALWAYS_SEARCH_USER_PATHS = NO;
				ARCHS = "$(ARCHS_STANDARD_64_BIT)";
				CLANG_ENABLE_OBJC_ARC = YES;
				COPY_PHASE_STRIP = NO;
				GCC_C_LANGUAGE_STANDARD = gnu99;
				GCC_DYNAMIC_NO_PIC = NO;
				GCC_ENABLE_OBJC_EXCEPTIONS = YES;
				GCC_OPTIMIZATION_LEVEL = 0;
				GCC_PREPROCESSOR_DEFINITIONS = (
					"DEBUG=1",
					"$(inherited)",
				);
				GCC_SYMBOLS_PRIVATE_EXTERN = NO;
				GCC_VERSION = com.apple.compilers.llvm.clang.1_0;
				GCC_WARN_64_TO_32_BIT_CONVERSION = YES;
				GCC_WARN_ABOUT_MISSING_PROTOTYPES = YES;
				GCC_WARN_ABOUT_RETURN_TYPE = YES;
				GCC_WARN_UNUSED_VARIABLE = YES;
				MACOSX_DEPLOYMENT_TARGET = 10.7;
				ONLY_ACTIVE_ARCH = YES;
				SDKROOT = macosx;
			};
			name = Debug;
		};
		FAEE704714DB2CA600BF7020 /* Release */ = {
			isa = XCBuildConfiguration;
			buildSettings = {
				ALWAYS_SEARCH_USER_PATHS = NO;
				ARCHS = "$(ARCHS_STANDARD_64_BIT)";
				CLANG_ENABLE_OBJC_ARC = YES;
				COPY_PHASE_STRIP = YES;
				DEBUG_INFORMATION_FORMAT = "dwarf-with-dsym";
				GCC_C_LANGUAGE_STANDARD = gnu99;
				GCC_ENABLE_OBJC_EXCEPTIONS = YES;
				GCC_VERSION = com.apple.compilers.llvm.clang.1_0;
				GCC_WARN_64_TO_32_BIT_CONVERSION = YES;
				GCC_WARN_ABOUT_MISSING_PROTOTYPES = YES;
				GCC_WARN_ABOUT_RETURN_TYPE = YES;
				GCC_WARN_UNUSED_VARIABLE = YES;
				MACOSX_DEPLOYMENT_TARGET = 10.7;
				SDKROOT = macosx;
			};
			name = Release;
		};
		FAEE704914DB2CA600BF7020 /* Debug */ = {
			isa = XCBuildConfiguration;
			buildSettings = {
				FRAMEWORK_SEARCH_PATHS = (
					"$(inherited)",
					"\"$(SRCROOT)\"",
				);
				GCC_PRECOMPILE_PREFIX_HEADER = YES;
				GCC_PREFIX_HEADER = "SymSteam/SymSteam-Prefix.pch";
				INFOPLIST_FILE = "SymSteam/SymSteam-Info.plist";
				PRODUCT_NAME = "$(TARGET_NAME)";
				WRAPPER_EXTENSION = app;
			};
			name = Debug;
		};
		FAEE704A14DB2CA600BF7020 /* Release */ = {
			isa = XCBuildConfiguration;
			buildSettings = {
				FRAMEWORK_SEARCH_PATHS = (
					"$(inherited)",
					"\"$(SRCROOT)\"",
				);
				GCC_PRECOMPILE_PREFIX_HEADER = YES;
				GCC_PREFIX_HEADER = "SymSteam/SymSteam-Prefix.pch";
				INFOPLIST_FILE = "SymSteam/SymSteam-Info.plist";
				PRODUCT_NAME = "$(TARGET_NAME)";
				WRAPPER_EXTENSION = app;
			};
			name = Release;
		};
/* End XCBuildConfiguration section */

/* Begin XCConfigurationList section */
		FAEE702414DB2CA500BF7020 /* Build configuration list for PBXProject "SymSteam" */ = {
			isa = XCConfigurationList;
			buildConfigurations = (
				FAEE704614DB2CA600BF7020 /* Debug */,
				FAEE704714DB2CA600BF7020 /* Release */,
			);
			defaultConfigurationIsVisible = 0;
			defaultConfigurationName = Release;
		};
		FAEE704814DB2CA600BF7020 /* Build configuration list for PBXNativeTarget "SymSteam" */ = {
			isa = XCConfigurationList;
			buildConfigurations = (
				FAEE704914DB2CA600BF7020 /* Debug */,
				FAEE704A14DB2CA600BF7020 /* Release */,
			);
			defaultConfigurationIsVisible = 0;
			defaultConfigurationName = Release;
		};
/* End XCConfigurationList section */
	};
	rootObject = FAEE702114DB2CA500BF7020 /* Project object */;
}
